
Microsoft Visual Studio Solution File, Format Version 12.00
# Visual Studio Version 17
VisualStudioVersion = 17.11.35222.181
MinimumVisualStudioVersion = 10.0.40219.1
Project("{9A19103F-16F7-4668-BE54-9A1E7A4F7556}") = "ZXCStudentsInfo", "ZXCStudentsInfo.csproj", "{2849669A-CF99-48E8-89A3-DDEC9ED77921}"
EndProject
Project("{FAE04EC0-301F-11D3-BF4B-00C04F79EFBC}") = "ZXCBaseFirst", "..\ZXCBaseFirst\ZXCBaseFirst.csproj", "{30603B96-049F-43DC-BDF5-369CF71D1C21}"
EndProject
Global
	GlobalSection(SolutionConfigurationPlatforms) = preSolution
		Debug|Any CPU = Debug|Any CPU
		Release|Any CPU = Release|Any CPU
	EndGlobalSection
	GlobalSection(ProjectConfigurationPlatforms) = postSolution
		{2849669A-CF99-48E8-89A3-DDEC9ED77921}.Debug|Any CPU.ActiveCfg = Debug|Any CPU
		{2849669A-CF99-48E8-89A3-DDEC9ED77921}.Debug|Any CPU.Build.0 = Debug|Any CPU
		{2849669A-CF99-48E8-89A3-DDEC9ED77921}.Release|Any CPU.ActiveCfg = Release|Any CPU
		{2849669A-CF99-48E8-89A3-DDEC9ED77921}.Release|Any CPU.Build.0 = Release|Any CPU
		{30603B96-049F-43DC-BDF5-369CF71D1C21}.Debug|Any CPU.ActiveCfg = Debug|Any CPU
		{30603B96-049F-43DC-BDF5-369CF71D1C21}.Debug|Any CPU.Build.0 = Debug|Any CPU
		{30603B96-049F-43DC-BDF5-369CF71D1C21}.Release|Any CPU.ActiveCfg = Release|Any CPU
		{30603B96-049F-43DC-BDF5-369CF71D1C21}.Release|Any CPU.Build.0 = Release|Any CPU
	EndGlobalSection
	GlobalSection(SolutionProperties) = preSolution
		HideSolutionNode = FALSE
	EndGlobalSection
	GlobalSection(ExtensibilityGlobals) = postSolution
		SolutionGuid = {EF2B6803-C072-4B80-949F-36210F3E3232}
	EndGlobalSection
EndGlobal
